
Microsoft Visual Studio Solution File, Format Version 12.00
# Visual Studio Version 17
VisualStudioVersion = 17.11.35312.102
MinimumVisualStudioVersion = 10.0.40219.1
Project("{FAE04EC0-301F-11D3-BF4B-00C04F79EFBC}") = "MyFirstProject", "MyFirstProject\MyFirstProject.csproj", "{CE743EC1-6178-4928-BCAC-8557C8BCDB5E}"
EndProject
Global
	GlobalSection(SolutionConfigurationPlatforms) = preSolution
		Debug|Any CPU = Debug|Any CPU
		Release|Any CPU = Release|Any CPU
	EndGlobalSection
	GlobalSection(ProjectConfigurationPlatforms) = postSolution
		{CE743EC1-6178-4928-BCAC-8557C8BCDB5E}.Debug|Any CPU.ActiveCfg = Debug|Any CPU
		{CE743EC1-6178-4928-BCAC-8557C8BCDB5E}.Debug|Any CPU.Build.0 = Debug|Any CPU
		{CE743EC1-6178-4928-BCAC-8557C8BCDB5E}.Release|Any CPU.ActiveCfg = Release|Any CPU
		{CE743EC1-6178-4928-BCAC-8557C8BCDB5E}.Release|Any CPU.Build.0 = Release|Any CPU
	EndGlobalSection
	GlobalSection(SolutionProperties) = preSolution
		HideSolutionNode = FALSE
	EndGlobalSection
	GlobalSection(ExtensibilityGlobals) = postSolution
		SolutionGuid = {2EBC2780-9E64-418A-88C8-C91914C8633A}
	EndGlobalSection
EndGlobal
